{
	"name": "cfworker-helpers",
	"version": "1.0.0",
	"lockfileVersion": 2,
	"requires": true,
	"packages": {
		"": {
			"name": "cfworker-helpers",
			"version": "1.0.0",
			"hasInstallScript": true,
			"license": "ISC",
			"dependencies": {
				"@inrixia/helpers": "^1.23.3",
				"typescript": "^4.7.3"
			},
			"devDependencies": {
				"@cloudflare/workers-types": "^3.11.0",
				"@types/node": "^17.0.40"
			}
		},
		"node_modules/@cloudflare/workers-types": {
			"version": "3.11.0",
			"resolved": "https://registry.npmjs.org/@cloudflare/workers-types/-/workers-types-3.11.0.tgz",
			"integrity": "sha512-XmKgZZHrCdPsoVQkdd365R7GvwTwDVJsMyEG3Dq/Tgxz6vgrps2c8PXBqEutguwvl0zDAF0AL0e2Z8WG9Dffjw==",
			"dev": true
		},
		"node_modules/@inrixia/helpers": {
			"version": "1.23.3",
			"resolved": "https://registry.npmjs.org/@inrixia/helpers/-/helpers-1.23.3.tgz",
			"integrity": "sha512-GxSvpbWgpElC1xFpApHm8jgR7NdGgCyYzvVNx+/QO0aMIKyB5H3lVGNt79HV7xYSm/IYq5AzmQe6ezKOhljgxQ=="
		},
		"node_modules/@types/node": {
			"version": "17.0.40",
			"resolved": "https://registry.npmjs.org/@types/node/-/node-17.0.40.tgz",
			"integrity": "sha512-UXdBxNGqTMtm7hCwh9HtncFVLrXoqA3oJW30j6XWp5BH/wu3mVeaxo7cq5benFdBw34HB3XDT2TRPI7rXZ+mDg==",
			"dev": true
		},
		"node_modules/typescript": {
			"version": "4.7.3",
			"resolved": "https://registry.npmjs.org/typescript/-/typescript-4.7.3.tgz",
			"integrity": "sha512-WOkT3XYvrpXx4vMMqlD+8R8R37fZkjyLGlxavMc4iB8lrl8L0DeTcHbYgw/v0N/z9wAFsgBhcsF0ruoySS22mA==",
			"bin": {
				"tsc": "bin/tsc",
				"tsserver": "bin/tsserver"
			},
			"engines": {
				"node": ">=4.2.0"
			}
		}
	},
	"dependencies": {
		"@cloudflare/workers-types": {
			"version": "3.11.0",
			"resolved": "https://registry.npmjs.org/@cloudflare/workers-types/-/workers-types-3.11.0.tgz",
			"integrity": "sha512-XmKgZZHrCdPsoVQkdd365R7GvwTwDVJsMyEG3Dq/Tgxz6vgrps2c8PXBqEutguwvl0zDAF0AL0e2Z8WG9Dffjw==",
			"dev": true
		},
		"@inrixia/helpers": {
			"version": "1.23.3",
			"resolved": "https://registry.npmjs.org/@inrixia/helpers/-/helpers-1.23.3.tgz",
			"integrity": "sha512-GxSvpbWgpElC1xFpApHm8jgR7NdGgCyYzvVNx+/QO0aMIKyB5H3lVGNt79HV7xYSm/IYq5AzmQe6ezKOhljgxQ=="
		},
		"@types/node": {
			"version": "17.0.40",
			"resolved": "https://registry.npmjs.org/@types/node/-/node-17.0.40.tgz",
			"integrity": "sha512-UXdBxNGqTMtm7hCwh9HtncFVLrXoqA3oJW30j6XWp5BH/wu3mVeaxo7cq5benFdBw34HB3XDT2TRPI7rXZ+mDg==",
			"dev": true
		},
		"typescript": {
			"version": "4.7.3",
			"resolved": "https://registry.npmjs.org/typescript/-/typescript-4.7.3.tgz",
			"integrity": "sha512-WOkT3XYvrpXx4vMMqlD+8R8R37fZkjyLGlxavMc4iB8lrl8L0DeTcHbYgw/v0N/z9wAFsgBhcsF0ruoySS22mA=="
		}
	}
}
